
Microsoft Visual Studio Solution File, Format Version 12.00
# Visual Studio Version 16
VisualStudioVersion = 16.0.29009.5
MinimumVisualStudioVersion = 10.0.40219.1
Project("{778DAE3C-4631-46EA-AA77-85C1314464D9}") = "Media", "Media\Media.vbproj", "{36E5CA97-AC16-46BE-A491-A4529845908C}"
EndProject
Project("{778DAE3C-4631-46EA-AA77-85C1314464D9}") = "4.2Ventas", "4.2Ventas\4.2Ventas.vbproj", "{50E86CBA-680A-4D95-B814-1A796E54D9DB}"
EndProject
Project("{778DAE3C-4631-46EA-AA77-85C1314464D9}") = "Notas", "Notas\Notas.vbproj", "{5BEBE496-1C13-45DA-BFE8-0621E663D9B6}"
EndProject
Project("{F184B08F-C81C-45F6-A57F-5ABD9991F28F}") = "4.4DominioPaisFrame", "4.4DominioPaisFrame\4.4DominioPaisFrame.vbproj", "{B35DA7CC-AA1E-45A4-A77B-4ACB85819131}"
EndProject
Project("{F184B08F-C81C-45F6-A57F-5ABD9991F28F}") = "4.5DominioPais2.0", "4.5DominioPais2.0\4.5DominioPais2.0.vbproj", "{93B17BC0-9BA9-498E-818E-E9F718617A89}"
EndProject
Project("{F184B08F-C81C-45F6-A57F-5ABD9991F28F}") = "4.6NotasCollection", "4.6NotasCollection\4.6NotasCollection.vbproj", "{796B5AB8-5CBC-4F52-83FF-2EF196CA72F6}"
EndProject
Project("{F184B08F-C81C-45F6-A57F-5ABD9991F28F}") = "4.7DominioHashTable", "4.7DominioHashTable\4.7DominioHashTable.vbproj", "{EE3F5830-53B6-4455-BD83-D36A8875F938}"
EndProject
Project("{F184B08F-C81C-45F6-A57F-5ABD9991F28F}") = "4.8Zeverla", "4.8Zeverla\4.8Zeverla.vbproj", "{623F2E4F-C1A9-4448-A429-79F7744E45C7}"
EndProject
Project("{F184B08F-C81C-45F6-A57F-5ABD9991F28F}") = "4.9 Turnos", "4.9 Turnos\4.9 Turnos.vbproj", "{FFE7FD19-8577-4840-9402-6DBFFA237C82}"
EndProject
Global
	GlobalSection(SolutionConfigurationPlatforms) = preSolution
		Debug|Any CPU = Debug|Any CPU
		Release|Any CPU = Release|Any CPU
	EndGlobalSection
	GlobalSection(ProjectConfigurationPlatforms) = postSolution
		{36E5CA97-AC16-46BE-A491-A4529845908C}.Debug|Any CPU.ActiveCfg = Debug|Any CPU
		{36E5CA97-AC16-46BE-A491-A4529845908C}.Debug|Any CPU.Build.0 = Debug|Any CPU
		{36E5CA97-AC16-46BE-A491-A4529845908C}.Release|Any CPU.ActiveCfg = Release|Any CPU
		{36E5CA97-AC16-46BE-A491-A4529845908C}.Release|Any CPU.Build.0 = Release|Any CPU
		{50E86CBA-680A-4D95-B814-1A796E54D9DB}.Debug|Any CPU.ActiveCfg = Debug|Any CPU
		{50E86CBA-680A-4D95-B814-1A796E54D9DB}.Debug|Any CPU.Build.0 = Debug|Any CPU
		{50E86CBA-680A-4D95-B814-1A796E54D9DB}.Release|Any CPU.ActiveCfg = Release|Any CPU
		{50E86CBA-680A-4D95-B814-1A796E54D9DB}.Release|Any CPU.Build.0 = Release|Any CPU
		{5BEBE496-1C13-45DA-BFE8-0621E663D9B6}.Debug|Any CPU.ActiveCfg = Debug|Any CPU
		{5BEBE496-1C13-45DA-BFE8-0621E663D9B6}.Debug|Any CPU.Build.0 = Debug|Any CPU
		{5BEBE496-1C13-45DA-BFE8-0621E663D9B6}.Release|Any CPU.ActiveCfg = Release|Any CPU
		{5BEBE496-1C13-45DA-BFE8-0621E663D9B6}.Release|Any CPU.Build.0 = Release|Any CPU
		{B35DA7CC-AA1E-45A4-A77B-4ACB85819131}.Debug|Any CPU.ActiveCfg = Debug|Any CPU
		{B35DA7CC-AA1E-45A4-A77B-4ACB85819131}.Debug|Any CPU.Build.0 = Debug|Any CPU
		{B35DA7CC-AA1E-45A4-A77B-4ACB85819131}.Release|Any CPU.ActiveCfg = Release|Any CPU
		{B35DA7CC-AA1E-45A4-A77B-4ACB85819131}.Release|Any CPU.Build.0 = Release|Any CPU
		{93B17BC0-9BA9-498E-818E-E9F718617A89}.Debug|Any CPU.ActiveCfg = Debug|Any CPU
		{93B17BC0-9BA9-498E-818E-E9F718617A89}.Debug|Any CPU.Build.0 = Debug|Any CPU
		{93B17BC0-9BA9-498E-818E-E9F718617A89}.Release|Any CPU.ActiveCfg = Release|Any CPU
		{93B17BC0-9BA9-498E-818E-E9F718617A89}.Release|Any CPU.Build.0 = Release|Any CPU
		{796B5AB8-5CBC-4F52-83FF-2EF196CA72F6}.Debug|Any CPU.ActiveCfg = Debug|Any CPU
		{796B5AB8-5CBC-4F52-83FF-2EF196CA72F6}.Debug|Any CPU.Build.0 = Debug|Any CPU
		{796B5AB8-5CBC-4F52-83FF-2EF196CA72F6}.Release|Any CPU.ActiveCfg = Release|Any CPU
		{796B5AB8-5CBC-4F52-83FF-2EF196CA72F6}.Release|Any CPU.Build.0 = Release|Any CPU
		{EE3F5830-53B6-4455-BD83-D36A8875F938}.Debug|Any CPU.ActiveCfg = Debug|Any CPU
		{EE3F5830-53B6-4455-BD83-D36A8875F938}.Debug|Any CPU.Build.0 = Debug|Any CPU
		{EE3F5830-53B6-4455-BD83-D36A8875F938}.Release|Any CPU.ActiveCfg = Release|Any CPU
		{EE3F5830-53B6-4455-BD83-D36A8875F938}.Release|Any CPU.Build.0 = Release|Any CPU
		{623F2E4F-C1A9-4448-A429-79F7744E45C7}.Debug|Any CPU.ActiveCfg = Debug|Any CPU
		{623F2E4F-C1A9-4448-A429-79F7744E45C7}.Debug|Any CPU.Build.0 = Debug|Any CPU
		{623F2E4F-C1A9-4448-A429-79F7744E45C7}.Release|Any CPU.ActiveCfg = Release|Any CPU
		{623F2E4F-C1A9-4448-A429-79F7744E45C7}.Release|Any CPU.Build.0 = Release|Any CPU
		{FFE7FD19-8577-4840-9402-6DBFFA237C82}.Debug|Any CPU.ActiveCfg = Debug|Any CPU
		{FFE7FD19-8577-4840-9402-6DBFFA237C82}.Debug|Any CPU.Build.0 = Debug|Any CPU
		{FFE7FD19-8577-4840-9402-6DBFFA237C82}.Release|Any CPU.ActiveCfg = Release|Any CPU
		{FFE7FD19-8577-4840-9402-6DBFFA237C82}.Release|Any CPU.Build.0 = Release|Any CPU
	EndGlobalSection
	GlobalSection(SolutionProperties) = preSolution
		HideSolutionNode = FALSE
	EndGlobalSection
	GlobalSection(ExtensibilityGlobals) = postSolution
		SolutionGuid = {52B6757E-BC51-4176-AE4E-AA64AA10D7A3}
	EndGlobalSection
EndGlobal
